lockfileVersion: '9.0'

settings:
  autoInstallPeers: true
  excludeLinksFromLockfile: false

importers:

  .:
    dependencies:
      '@knowlearning/patch-proxy':
        specifier: ^1.3.3
        version: 1.3.3
      nats.ws:
        specifier: ^1.29.0
        version: 1.29.0

packages:

  '@knowlearning/patch-proxy@1.3.3':
    resolution: {integrity: sha512-c56y4qshtd+fdApeLtpqn2p1D0gQ6MUQylvvl9ado6YD5R65lwFxWVr/s9KnThLCwVqT9ofrNjI4GGoNtGCO1A==}

  fast-json-patch@3.1.1:
    resolution: {integrity: sha512-vf6IHUX2SBcA+5/+4883dsIjpBTqmfBjmYiWK1savxQmFk4JfBMLa7ynTYOs1Rolp/T1betJxHiGD3g1Mn8lUQ==}

  nats.ws@1.29.0:
    resolution: {integrity: sha512-n3+2M/vZp8odDxn4NbIDE4pVBE12dQqxk3ckzXJvbgIjfquUHvrvF3lrMqhdjeGjYdAvTZpaEEZTJG3v5HS3xg==}

  nkeys.js@1.1.0:
    resolution: {integrity: sha512-tB/a0shZL5UZWSwsoeyqfTszONTt4k2YS0tuQioMOD180+MbombYVgzDUYHlx+gejYK6rgf08n/2Df99WY0Sxg==}
    engines: {node: '>=10.0.0'}

  tweetnacl@1.0.3:
    resolution: {integrity: sha512-6rt+RN7aOi1nGMyC4Xa5DdYiukl2UWCbcJft7YhxReBGQD7OAM8Pbxw6YMo4r2diNEA8FEmu32YOn9rhaiE5yw==}

snapshots:

  '@knowlearning/patch-proxy@1.3.3':
    dependencies:
      fast-json-patch: 3.1.1

  fast-json-patch@3.1.1: {}

  nats.ws@1.29.0:
    optionalDependencies:
      nkeys.js: 1.1.0

  nkeys.js@1.1.0:
    dependencies:
      tweetnacl: 1.0.3
    optional: true

  tweetnacl@1.0.3:
    optional: true
